
Microsoft Visual Studio Solution File, Format Version 12.00
# Visual Studio Version 16
VisualStudioVersion = 16.0.31515.178
MinimumVisualStudioVersion = 10.0.40219.1
Project("{FAE04EC0-301F-11D3-BF4B-00C04F79EFBC}") = "GeeSuth.Protcols.Server", "GeeSuth.Protcols.Server\GeeSuth.Protcols.Server.csproj", "{7110E5BE-7E17-41A7-B401-8D9F8CFA0013}"
EndProject
Global
	GlobalSection(SolutionConfigurationPlatforms) = preSolution
		Debug|Any CPU = Debug|Any CPU
		Release|Any CPU = Release|Any CPU
	EndGlobalSection
	GlobalSection(ProjectConfigurationPlatforms) = postSolution
		{7110E5BE-7E17-41A7-B401-8D9F8CFA0013}.Debug|Any CPU.ActiveCfg = Debug|Any CPU
		{7110E5BE-7E17-41A7-B401-8D9F8CFA0013}.Debug|Any CPU.Build.0 = Debug|Any CPU
		{7110E5BE-7E17-41A7-B401-8D9F8CFA0013}.Release|Any CPU.ActiveCfg = Release|Any CPU
		{7110E5BE-7E17-41A7-B401-8D9F8CFA0013}.Release|Any CPU.Build.0 = Release|Any CPU
	EndGlobalSection
	GlobalSection(SolutionProperties) = preSolution
		HideSolutionNode = FALSE
	EndGlobalSection
	GlobalSection(ExtensibilityGlobals) = postSolution
		SolutionGuid = {8F76BA55-37A2-4C9A-8590-B420EB673D00}
	EndGlobalSection
EndGlobal
